
Microsoft Visual Studio Solution File, Format Version 12.00
# Visual Studio 15
VisualStudioVersion = 15.0.26020.0
MinimumVisualStudioVersion = 10.0.40219.1
Project("{FAE04EC0-301F-11D3-BF4B-00C04F79EFBC}") = "Read", "Read\Read.csproj", "{84FA71BB-A003-469F-B5D3-857CA1C8D00B}"
EndProject
Project("{FAE04EC0-301F-11D3-BF4B-00C04F79EFBC}") = "Learn", "Learn\Learn.csproj", "{86EB9367-BD20-4E4E-900B-E9784C962ADF}"
EndProject
Project("{FAE04EC0-301F-11D3-BF4B-00C04F79EFBC}") = "53230A", "53230A\53230A.csproj", "{AC4D4C6D-6508-43A0-A216-8231648B25E7}"
EndProject
Project("{FAE04EC0-301F-11D3-BF4B-00C04F79EFBC}") = "ShowErrors", "ShowErrors\ShowErrors.csproj", "{1DB32497-BB6A-41C2-92A0-E0E4FFE1EB4A}"
EndProject
Project("{FAE04EC0-301F-11D3-BF4B-00C04F79EFBC}") = "Query", "Query\Query.csproj", "{0D7690BD-F5F0-4FA5-A4FC-6409F2CC821F}"
EndProject
Project("{FAE04EC0-301F-11D3-BF4B-00C04F79EFBC}") = "R", "R\R.csproj", "{DDC48D2F-F186-4B1B-89D1-F64C7AE8F572}"
EndProject
Project("{2150E333-8FDC-42A3-9474-1A3956D46DE8}") = "Solution Items", "Solution Items", "{FEA12440-C6BB-4608-A3EC-CAA7782CA647}"
	ProjectSection(SolutionItems) = preProject
		README.md = README.md
	EndProjectSection
EndProject
Global
	GlobalSection(SolutionConfigurationPlatforms) = preSolution
		Debug|Any CPU = Debug|Any CPU
		Release|Any CPU = Release|Any CPU
	EndGlobalSection
	GlobalSection(ProjectConfigurationPlatforms) = postSolution
		{84FA71BB-A003-469F-B5D3-857CA1C8D00B}.Debug|Any CPU.ActiveCfg = Debug|Any CPU
		{84FA71BB-A003-469F-B5D3-857CA1C8D00B}.Debug|Any CPU.Build.0 = Debug|Any CPU
		{84FA71BB-A003-469F-B5D3-857CA1C8D00B}.Release|Any CPU.ActiveCfg = Release|Any CPU
		{84FA71BB-A003-469F-B5D3-857CA1C8D00B}.Release|Any CPU.Build.0 = Release|Any CPU
		{86EB9367-BD20-4E4E-900B-E9784C962ADF}.Debug|Any CPU.ActiveCfg = Debug|Any CPU
		{86EB9367-BD20-4E4E-900B-E9784C962ADF}.Debug|Any CPU.Build.0 = Debug|Any CPU
		{86EB9367-BD20-4E4E-900B-E9784C962ADF}.Release|Any CPU.ActiveCfg = Release|Any CPU
		{86EB9367-BD20-4E4E-900B-E9784C962ADF}.Release|Any CPU.Build.0 = Release|Any CPU
		{AC4D4C6D-6508-43A0-A216-8231648B25E7}.Debug|Any CPU.ActiveCfg = Debug|Any CPU
		{AC4D4C6D-6508-43A0-A216-8231648B25E7}.Debug|Any CPU.Build.0 = Debug|Any CPU
		{AC4D4C6D-6508-43A0-A216-8231648B25E7}.Debug|Any CPU.Deploy.0 = Debug|Any CPU
		{AC4D4C6D-6508-43A0-A216-8231648B25E7}.Release|Any CPU.ActiveCfg = Release|Any CPU
		{AC4D4C6D-6508-43A0-A216-8231648B25E7}.Release|Any CPU.Build.0 = Release|Any CPU
		{AC4D4C6D-6508-43A0-A216-8231648B25E7}.Release|Any CPU.Deploy.0 = Release|Any CPU
		{1DB32497-BB6A-41C2-92A0-E0E4FFE1EB4A}.Debug|Any CPU.ActiveCfg = Debug|Any CPU
		{1DB32497-BB6A-41C2-92A0-E0E4FFE1EB4A}.Debug|Any CPU.Build.0 = Debug|Any CPU
		{1DB32497-BB6A-41C2-92A0-E0E4FFE1EB4A}.Release|Any CPU.ActiveCfg = Release|Any CPU
		{1DB32497-BB6A-41C2-92A0-E0E4FFE1EB4A}.Release|Any CPU.Build.0 = Release|Any CPU
		{0D7690BD-F5F0-4FA5-A4FC-6409F2CC821F}.Debug|Any CPU.ActiveCfg = Debug|Any CPU
		{0D7690BD-F5F0-4FA5-A4FC-6409F2CC821F}.Debug|Any CPU.Build.0 = Debug|Any CPU
		{0D7690BD-F5F0-4FA5-A4FC-6409F2CC821F}.Release|Any CPU.ActiveCfg = Release|Any CPU
		{0D7690BD-F5F0-4FA5-A4FC-6409F2CC821F}.Release|Any CPU.Build.0 = Release|Any CPU
		{DDC48D2F-F186-4B1B-89D1-F64C7AE8F572}.Debug|Any CPU.ActiveCfg = Debug|Any CPU
		{DDC48D2F-F186-4B1B-89D1-F64C7AE8F572}.Debug|Any CPU.Build.0 = Debug|Any CPU
		{DDC48D2F-F186-4B1B-89D1-F64C7AE8F572}.Release|Any CPU.ActiveCfg = Release|Any CPU
		{DDC48D2F-F186-4B1B-89D1-F64C7AE8F572}.Release|Any CPU.Build.0 = Release|Any CPU
	EndGlobalSection
	GlobalSection(SolutionProperties) = preSolution
		HideSolutionNode = FALSE
	EndGlobalSection
EndGlobal
